
Microsoft Visual Studio Solution File, Format Version 12.00
# Visual Studio Version 17
VisualStudioVersion = 17.8.34330.188
MinimumVisualStudioVersion = 10.0.40219.1
Project("{FAE04EC0-301F-11D3-BF4B-00C04F79EFBC}") = "L1_2", "L1_2\L1_2.csproj", "{DA6A455C-DC30-403E-A35F-5CAA6985A8EB}"
EndProject
Global
	GlobalSection(SolutionConfigurationPlatforms) = preSolution
		Debug|Any CPU = Debug|Any CPU
		Release|Any CPU = Release|Any CPU
	EndGlobalSection
	GlobalSection(ProjectConfigurationPlatforms) = postSolution
		{DA6A455C-DC30-403E-A35F-5CAA6985A8EB}.Debug|Any CPU.ActiveCfg = Debug|Any CPU
		{DA6A455C-DC30-403E-A35F-5CAA6985A8EB}.Debug|Any CPU.Build.0 = Debug|Any CPU
		{DA6A455C-DC30-403E-A35F-5CAA6985A8EB}.Debug|Any CPU.Deploy.0 = Debug|Any CPU
		{DA6A455C-DC30-403E-A35F-5CAA6985A8EB}.Release|Any CPU.ActiveCfg = Release|Any CPU
		{DA6A455C-DC30-403E-A35F-5CAA6985A8EB}.Release|Any CPU.Build.0 = Release|Any CPU
		{DA6A455C-DC30-403E-A35F-5CAA6985A8EB}.Release|Any CPU.Deploy.0 = Release|Any CPU
	EndGlobalSection
	GlobalSection(SolutionProperties) = preSolution
		HideSolutionNode = FALSE
	EndGlobalSection
	GlobalSection(ExtensibilityGlobals) = postSolution
		SolutionGuid = {F2D30638-6537-454A-BA09-AF4D0B03EA10}
	EndGlobalSection
EndGlobal
