
Microsoft Visual Studio Solution File, Format Version 12.00
# Visual Studio Version 17
VisualStudioVersion = 17.8.34330.188
MinimumVisualStudioVersion = 10.0.40219.1
Project("{FAE04EC0-301F-11D3-BF4B-00C04F79EFBC}") = "L1_0", "L1_0\L1_0.csproj", "{7769AE73-17AD-4127-BD06-EC6D6F367E38}"
EndProject
Global
	GlobalSection(SolutionConfigurationPlatforms) = preSolution
		Debug|Any CPU = Debug|Any CPU
		Release|Any CPU = Release|Any CPU
	EndGlobalSection
	GlobalSection(ProjectConfigurationPlatforms) = postSolution
		{7769AE73-17AD-4127-BD06-EC6D6F367E38}.Debug|Any CPU.ActiveCfg = Debug|Any CPU
		{7769AE73-17AD-4127-BD06-EC6D6F367E38}.Debug|Any CPU.Build.0 = Debug|Any CPU
		{7769AE73-17AD-4127-BD06-EC6D6F367E38}.Release|Any CPU.ActiveCfg = Release|Any CPU
		{7769AE73-17AD-4127-BD06-EC6D6F367E38}.Release|Any CPU.Build.0 = Release|Any CPU
	EndGlobalSection
	GlobalSection(SolutionProperties) = preSolution
		HideSolutionNode = FALSE
	EndGlobalSection
	GlobalSection(ExtensibilityGlobals) = postSolution
		SolutionGuid = {52EB6D18-3C4D-48D3-BFBD-8B8C2794A669}
	EndGlobalSection
EndGlobal
